
Microsoft Visual Studio Solution File, Format Version 12.00
# Visual Studio Version 16
VisualStudioVersion = 16.0.29424.173
MinimumVisualStudioVersion = 10.0.40219.1
Project("{9A19103F-16F7-4668-BE54-9A1E7A4F7556}") = "P03_FootballBetting.Data", "P03_FootballBetting.Data\P03_FootballBetting.Data.csproj", "{3A32D68B-F0C5-465A-8CC0-8D681BFBB4FC}"
EndProject
Project("{9A19103F-16F7-4668-BE54-9A1E7A4F7556}") = "P03_FootballBetting.Models", "P03_FootballBetting.Models\P03_FootballBetting.Models.csproj", "{A091A64B-4B5C-4A9C-9113-84F07FE62EF7}"
EndProject
Project("{9A19103F-16F7-4668-BE54-9A1E7A4F7556}") = "P03_FootballBetting", "P03_FootballBetting\P03_FootballBetting.csproj", "{93614433-6E83-4F15-A0D0-894B5738838E}"
EndProject
Global
	GlobalSection(SolutionConfigurationPlatforms) = preSolution
		Debug|Any CPU = Debug|Any CPU
		Release|Any CPU = Release|Any CPU
	EndGlobalSection
	GlobalSection(ProjectConfigurationPlatforms) = postSolution
		{3A32D68B-F0C5-465A-8CC0-8D681BFBB4FC}.Debug|Any CPU.ActiveCfg = Debug|Any CPU
		{3A32D68B-F0C5-465A-8CC0-8D681BFBB4FC}.Debug|Any CPU.Build.0 = Debug|Any CPU
		{3A32D68B-F0C5-465A-8CC0-8D681BFBB4FC}.Release|Any CPU.ActiveCfg = Release|Any CPU
		{3A32D68B-F0C5-465A-8CC0-8D681BFBB4FC}.Release|Any CPU.Build.0 = Release|Any CPU
		{A091A64B-4B5C-4A9C-9113-84F07FE62EF7}.Debug|Any CPU.ActiveCfg = Debug|Any CPU
		{A091A64B-4B5C-4A9C-9113-84F07FE62EF7}.Debug|Any CPU.Build.0 = Debug|Any CPU
		{A091A64B-4B5C-4A9C-9113-84F07FE62EF7}.Release|Any CPU.ActiveCfg = Release|Any CPU
		{A091A64B-4B5C-4A9C-9113-84F07FE62EF7}.Release|Any CPU.Build.0 = Release|Any CPU
		{93614433-6E83-4F15-A0D0-894B5738838E}.Debug|Any CPU.ActiveCfg = Debug|Any CPU
		{93614433-6E83-4F15-A0D0-894B5738838E}.Debug|Any CPU.Build.0 = Debug|Any CPU
		{93614433-6E83-4F15-A0D0-894B5738838E}.Release|Any CPU.ActiveCfg = Release|Any CPU
		{93614433-6E83-4F15-A0D0-894B5738838E}.Release|Any CPU.Build.0 = Release|Any CPU
	EndGlobalSection
	GlobalSection(SolutionProperties) = preSolution
		HideSolutionNode = FALSE
	EndGlobalSection
	GlobalSection(ExtensibilityGlobals) = postSolution
		SolutionGuid = {4027D538-7C86-4EE6-89DF-9385C792A80A}
	EndGlobalSection
EndGlobal
