
Microsoft Visual Studio Solution File, Format Version 12.00
# Visual Studio Version 16
VisualStudioVersion = 16.0.29424.173
MinimumVisualStudioVersion = 10.0.40219.1
Project("{9A19103F-16F7-4668-BE54-9A1E7A4F7556}") = "StudentSystem", "01.StudentSystem\StudentSystem.csproj", "{A60A8A06-0DDC-47B2-9ABB-635D8BA0C4EF}"
EndProject
Global
	GlobalSection(SolutionConfigurationPlatforms) = preSolution
		Debug|Any CPU = Debug|Any CPU
		Release|Any CPU = Release|Any CPU
	EndGlobalSection
	GlobalSection(ProjectConfigurationPlatforms) = postSolution
		{A60A8A06-0DDC-47B2-9ABB-635D8BA0C4EF}.Debug|Any CPU.ActiveCfg = Debug|Any CPU
		{A60A8A06-0DDC-47B2-9ABB-635D8BA0C4EF}.Debug|Any CPU.Build.0 = Debug|Any CPU
		{A60A8A06-0DDC-47B2-9ABB-635D8BA0C4EF}.Release|Any CPU.ActiveCfg = Release|Any CPU
		{A60A8A06-0DDC-47B2-9ABB-635D8BA0C4EF}.Release|Any CPU.Build.0 = Release|Any CPU
	EndGlobalSection
	GlobalSection(SolutionProperties) = preSolution
		HideSolutionNode = FALSE
	EndGlobalSection
	GlobalSection(ExtensibilityGlobals) = postSolution
		SolutionGuid = {CD4A1B46-AA55-46F3-A918-ECDE1F4C0BA7}
	EndGlobalSection
EndGlobal
