
Microsoft Visual Studio Solution File, Format Version 12.00
# Visual Studio Version 16
VisualStudioVersion = 16.0.29411.108
MinimumVisualStudioVersion = 10.0.40219.1
Project("{9A19103F-16F7-4668-BE54-9A1E7A4F7556}") = "01.InitialSetup", "01.InitialSetup\01.InitialSetup.csproj", "{A90C0337-97B2-49B1-9AD6-EB6A8D7B8B6C}"
EndProject
Project("{9A19103F-16F7-4668-BE54-9A1E7A4F7556}") = "02.VillainNames", "02.VillainNames\02.VillainNames.csproj", "{BCFDBDF5-1C4A-4F99-980D-0A19EFA4D090}"
EndProject
Project("{9A19103F-16F7-4668-BE54-9A1E7A4F7556}") = "03.MinionNames", "03.MinionNames\03.MinionNames.csproj", "{A6395BD3-3B96-4187-9330-F5ABADC1498B}"
EndProject
Project("{FAE04EC0-301F-11D3-BF4B-00C04F79EFBC}") = "04.AddMinion", "04.AddMinion\04.AddMinion.csproj", "{9F3B5D8B-9EB6-4814-A0B5-E271B5B4B3F5}"
EndProject
Project("{FAE04EC0-301F-11D3-BF4B-00C04F79EFBC}") = "05.ChangeTownNameCasing", "05.ChangeTownNameCasing\05.ChangeTownNameCasing.csproj", "{5669769C-ED66-4618-AE89-2AA882CC0FAA}"
EndProject
Project("{FAE04EC0-301F-11D3-BF4B-00C04F79EFBC}") = "06.RemoveVillain", "06.RemoveVillain\06.RemoveVillain.csproj", "{2CA7DD35-8197-450E-95F0-CFCFD76A951D}"
EndProject
Global
	GlobalSection(SolutionConfigurationPlatforms) = preSolution
		Debug|Any CPU = Debug|Any CPU
		Release|Any CPU = Release|Any CPU
	EndGlobalSection
	GlobalSection(ProjectConfigurationPlatforms) = postSolution
		{A90C0337-97B2-49B1-9AD6-EB6A8D7B8B6C}.Debug|Any CPU.ActiveCfg = Debug|Any CPU
		{A90C0337-97B2-49B1-9AD6-EB6A8D7B8B6C}.Debug|Any CPU.Build.0 = Debug|Any CPU
		{A90C0337-97B2-49B1-9AD6-EB6A8D7B8B6C}.Release|Any CPU.ActiveCfg = Release|Any CPU
		{A90C0337-97B2-49B1-9AD6-EB6A8D7B8B6C}.Release|Any CPU.Build.0 = Release|Any CPU
		{BCFDBDF5-1C4A-4F99-980D-0A19EFA4D090}.Debug|Any CPU.ActiveCfg = Debug|Any CPU
		{BCFDBDF5-1C4A-4F99-980D-0A19EFA4D090}.Debug|Any CPU.Build.0 = Debug|Any CPU
		{BCFDBDF5-1C4A-4F99-980D-0A19EFA4D090}.Release|Any CPU.ActiveCfg = Release|Any CPU
		{BCFDBDF5-1C4A-4F99-980D-0A19EFA4D090}.Release|Any CPU.Build.0 = Release|Any CPU
		{A6395BD3-3B96-4187-9330-F5ABADC1498B}.Debug|Any CPU.ActiveCfg = Debug|Any CPU
		{A6395BD3-3B96-4187-9330-F5ABADC1498B}.Debug|Any CPU.Build.0 = Debug|Any CPU
		{A6395BD3-3B96-4187-9330-F5ABADC1498B}.Release|Any CPU.ActiveCfg = Release|Any CPU
		{A6395BD3-3B96-4187-9330-F5ABADC1498B}.Release|Any CPU.Build.0 = Release|Any CPU
		{9F3B5D8B-9EB6-4814-A0B5-E271B5B4B3F5}.Debug|Any CPU.ActiveCfg = Debug|Any CPU
		{9F3B5D8B-9EB6-4814-A0B5-E271B5B4B3F5}.Debug|Any CPU.Build.0 = Debug|Any CPU
		{9F3B5D8B-9EB6-4814-A0B5-E271B5B4B3F5}.Release|Any CPU.ActiveCfg = Release|Any CPU
		{9F3B5D8B-9EB6-4814-A0B5-E271B5B4B3F5}.Release|Any CPU.Build.0 = Release|Any CPU
		{5669769C-ED66-4618-AE89-2AA882CC0FAA}.Debug|Any CPU.ActiveCfg = Debug|Any CPU
		{5669769C-ED66-4618-AE89-2AA882CC0FAA}.Debug|Any CPU.Build.0 = Debug|Any CPU
		{5669769C-ED66-4618-AE89-2AA882CC0FAA}.Release|Any CPU.ActiveCfg = Release|Any CPU
		{5669769C-ED66-4618-AE89-2AA882CC0FAA}.Release|Any CPU.Build.0 = Release|Any CPU
		{2CA7DD35-8197-450E-95F0-CFCFD76A951D}.Debug|Any CPU.ActiveCfg = Debug|Any CPU
		{2CA7DD35-8197-450E-95F0-CFCFD76A951D}.Debug|Any CPU.Build.0 = Debug|Any CPU
		{2CA7DD35-8197-450E-95F0-CFCFD76A951D}.Release|Any CPU.ActiveCfg = Release|Any CPU
		{2CA7DD35-8197-450E-95F0-CFCFD76A951D}.Release|Any CPU.Build.0 = Release|Any CPU
	EndGlobalSection
	GlobalSection(SolutionProperties) = preSolution
		HideSolutionNode = FALSE
	EndGlobalSection
	GlobalSection(ExtensibilityGlobals) = postSolution
		SolutionGuid = {EB7C6C69-6D9D-4B96-ABE8-9EC5F6AA9859}
	EndGlobalSection
EndGlobal
